
Microsoft Visual Studio Solution File, Format Version 12.00
# Visual Studio Version 17
VisualStudioVersion = 17.5.002.0
MinimumVisualStudioVersion = 10.0.40219.1
Project("{FAE04EC0-301F-11D3-BF4B-00C04F79EFBC}") = "AntiPhishingAPI", "AntiPhishingAPI.csproj", "{1D122E89-C282-461F-B35F-BAA9B002C146}"
EndProject
Global
	GlobalSection(SolutionConfigurationPlatforms) = preSolution
		Debug|Any CPU = Debug|Any CPU
		Release|Any CPU = Release|Any CPU
	EndGlobalSection
	GlobalSection(ProjectConfigurationPlatforms) = postSolution
		{1D122E89-C282-461F-B35F-BAA9B002C146}.Debug|Any CPU.ActiveCfg = Debug|Any CPU
		{1D122E89-C282-461F-B35F-BAA9B002C146}.Debug|Any CPU.Build.0 = Debug|Any CPU
		{1D122E89-C282-461F-B35F-BAA9B002C146}.Release|Any CPU.ActiveCfg = Release|Any CPU
		{1D122E89-C282-461F-B35F-BAA9B002C146}.Release|Any CPU.Build.0 = Release|Any CPU
	EndGlobalSection
	GlobalSection(SolutionProperties) = preSolution
		HideSolutionNode = FALSE
	EndGlobalSection
	GlobalSection(ExtensibilityGlobals) = postSolution
		SolutionGuid = {B0AA82A9-C726-48B0-95F2-97AAE8EBE9F0}
	EndGlobalSection
EndGlobal
